# generated by rye
# use `rye lock` or `rye sync` to update this lockfile
#
# last locked with the following flags:
#   pre: false
#   features: []
#   all-features: false
#   with-sources: false
#   generate-hashes: false
#   universal: false

-e file:.
certifi==2024.12.14
    # via requests
charset-normalizer==3.4.1
    # via requests
click==8.1.8
    # via maa-mgr
colorama==0.4.6
    # via click
idna==3.10
    # via requests
requests==2.32.3
    # via zuu-app
urllib3==2.3.0
    # via requests
zuu @ git+https://github.com/zwtil/zuu2.git@ad982a8dd4ebb019dddbeb8d66a4bca96976366e#subdirectory=PYTHON_PKG/std
    # via maa-mgr
zuu-app @ git+https://github.com/zwtil/zuu2.git@ad982a8dd4ebb019dddbeb8d66a4bca96976366e#subdirectory=PYTHON_PKG/app
    # via zuu
